// !$*UTF8*$!
{
	archiveVersion = 1;
	classes = {
	};
	objectVersion = 50;
	objects = {

/* Begin PBXBuildFile section */
		DA1007382109CE1100A33EB8 /* UIColor+CustomColors.m in Sources */ = {isa = PBXBuildFile; fileRef = DA95A3C1210866B80007F078 /* UIColor+CustomColors.m */; };
		DA1007392109CE1500A33EB8 /* Constants.m in Sources */ = {isa = PBXBuildFile; fileRef = DA87943821061D630033F7CD /* Constants.m */; };
		DA10073C2109CE2400A33EB8 /* XMLParserService.m in Sources */ = {isa = PBXBuildFile; fileRef = DA8794322106180E0033F7CD /* XMLParserService.m */; };
		DA10073D2109CE2A00A33EB8 /* MediaContent.m in Sources */ = {isa = PBXBuildFile; fileRef = DA8794492106316A0033F7CD /* MediaContent.m */; };
		DA10073E2109CE3300A33EB8 /* XMLParser.m in Sources */ = {isa = PBXBuildFile; fileRef = DA8794282105F43A0033F7CD /* XMLParser.m */; };
		DA1007402109CE4B00A33EB8 /* ImageContent.m in Sources */ = {isa = PBXBuildFile; fileRef = DA87943C21062CBA0033F7CD /* ImageContent.m */; };
		DA1007412109CE5000A33EB8 /* Item.m in Sources */ = {isa = PBXBuildFile; fileRef = DA87942C210605AF0033F7CD /* Item.m */; };
		DA1007422109CE5700A33EB8 /* VSCollectionViewCell.m in Sources */ = {isa = PBXBuildFile; fileRef = DA95A3CB210883410007F078 /* VSCollectionViewCell.m */; };
		DA1007432109CE5E00A33EB8 /* MP3CollectionViewCell.m in Sources */ = {isa = PBXBuildFile; fileRef = EFABF1B72107A9CF00659AEB /* MP3CollectionViewCell.m */; };
		DA1007442109CE7300A33EB8 /* TEDCollectionViewCell.m in Sources */ = {isa = PBXBuildFile; fileRef = DA95A3C8210882F40007F078 /* TEDCollectionViewCell.m */; };
		DA1007452109CE7300A33EB8 /* SplitViewController.m in Sources */ = {isa = PBXBuildFile; fileRef = DA95A3C52108767E0007F078 /* SplitViewController.m */; };
		DA1007462109CE7300A33EB8 /* FeedViewController.m in Sources */ = {isa = PBXBuildFile; fileRef = DA8794202105F2490033F7CD /* FeedViewController.m */; };
		DA1007482109CE7300A33EB8 /* FeedViewController+Constraints.m in Sources */ = {isa = PBXBuildFile; fileRef = DA26C5FD21075A8900244984 /* FeedViewController+Constraints.m */; };
		DA1007492109CE7300A33EB8 /* FeedViewController+CollectionView.m in Sources */ = {isa = PBXBuildFile; fileRef = EFABF1B22107A8F100659AEB /* FeedViewController+CollectionView.m */; };
		DA10074A2109CE7300A33EB8 /* ContentViewController.m in Sources */ = {isa = PBXBuildFile; fileRef = DA26C60021075E8500244984 /* ContentViewController.m */; };
		DA10074B2109CE7300A33EB8 /* AppDelegate.m in Sources */ = {isa = PBXBuildFile; fileRef = DA87940A2105E3660033F7CD /* AppDelegate.m */; };
		DA10074C2109CE7300A33EB8 /* main.m in Sources */ = {isa = PBXBuildFile; fileRef = DA8794182105E3680033F7CD /* main.m */; };
		DA10074D2109CF5700A33EB8 /* ItemCoreDataService.m in Sources */ = {isa = PBXBuildFile; fileRef = DA95A3D92108EA130007F078 /* ItemCoreDataService.m */; };
		DA10074E2109CF5700A33EB8 /* MediaContentCoreData.m in Sources */ = {isa = PBXBuildFile; fileRef = DA8E20152109C70F004FA6F9 /* MediaContentCoreData.m */; };
		DA10074F2109CF5700A33EB8 /* ItemCoreData.m in Sources */ = {isa = PBXBuildFile; fileRef = DA8E20132109C705004FA6F9 /* ItemCoreData.m */; };
		DA1007502109D04700A33EB8 /* CoreDataManager.m in Sources */ = {isa = PBXBuildFile; fileRef = DA95A3D52108E8DC0007F078 /* CoreDataManager.m */; };
		DA149814210B034600A4B20D /* HeaderView.m in Sources */ = {isa = PBXBuildFile; fileRef = DA14980E210B034600A4B20D /* HeaderView.m */; };
		DA149815210B034600A4B20D /* VideoDetailView.m in Sources */ = {isa = PBXBuildFile; fileRef = DA149812210B034600A4B20D /* VideoDetailView.m */; };
		DA149816210B034600A4B20D /* AudioHeaderView.m in Sources */ = {isa = PBXBuildFile; fileRef = DA149813210B034600A4B20D /* AudioHeaderView.m */; };
		DA149819210B035700A4B20D /* EntitiesConstants.m in Sources */ = {isa = PBXBuildFile; fileRef = DA149817210B035700A4B20D /* EntitiesConstants.m */; };
		DA14981C210B039600A4B20D /* ContentViewController+Constraints.m in Sources */ = {isa = PBXBuildFile; fileRef = DA14981B210B039600A4B20D /* ContentViewController+Constraints.m */; };
		DA14981F210B06ED00A4B20D /* DownloadManager.m in Sources */ = {isa = PBXBuildFile; fileRef = DA14981E210B06ED00A4B20D /* DownloadManager.m */; };
		DA149825210B2AFB00A4B20D /* FileManager.m in Sources */ = {isa = PBXBuildFile; fileRef = DA149824210B2AFB00A4B20D /* FileManager.m */; };
		DA149828210B4DE300A4B20D /* UIImage+Compression.m in Sources */ = {isa = PBXBuildFile; fileRef = DA149827210B4DE300A4B20D /* UIImage+Compression.m */; };
		DA6ED5F5210EF377008FBCA9 /* FeedViewController+ContentViewControllerDelegate.m in Sources */ = {isa = PBXBuildFile; fileRef = DA6ED5F1210EF376008FBCA9 /* FeedViewController+ContentViewControllerDelegate.m */; };
		DA6ED5F6210EF377008FBCA9 /* FeedViewController+DataManager.m in Sources */ = {isa = PBXBuildFile; fileRef = DA6ED5F2210EF376008FBCA9 /* FeedViewController+DataManager.m */; };
		DA6ED5F7210EF377008FBCA9 /* FeedViewController+SettingsViewControllerDelegate.m in Sources */ = {isa = PBXBuildFile; fileRef = DA6ED5F4210EF377008FBCA9 /* FeedViewController+SettingsViewControllerDelegate.m */; };
		DA6ED601210EF38D008FBCA9 /* DataManager+Preparing.m in Sources */ = {isa = PBXBuildFile; fileRef = DA6ED5F9210EF38D008FBCA9 /* DataManager+Preparing.m */; };
		DA6ED602210EF38D008FBCA9 /* DataManager+DownloadManagerDelegate.m in Sources */ = {isa = PBXBuildFile; fileRef = DA6ED5FB210EF38D008FBCA9 /* DataManager+DownloadManagerDelegate.m */; };
		DA6ED603210EF38D008FBCA9 /* DataManager.m in Sources */ = {isa = PBXBuildFile; fileRef = DA6ED5FD210EF38D008FBCA9 /* DataManager.m */; };
		DA6ED604210EF38D008FBCA9 /* DataManager+XMLParserServiceDelegate.m in Sources */ = {isa = PBXBuildFile; fileRef = DA6ED5FF210EF38D008FBCA9 /* DataManager+XMLParserServiceDelegate.m */; };
		DA6ED608210EF3A6008FBCA9 /* SettingsViewController.m in Sources */ = {isa = PBXBuildFile; fileRef = DA6ED606210EF3A6008FBCA9 /* SettingsViewController.m */; };
		DA8794132105E3680033F7CD /* Assets.xcassets in Resources */ = {isa = PBXBuildFile; fileRef = DA8794122105E3680033F7CD /* Assets.xcassets */; };
		DA8794162105E3680033F7CD /* LaunchScreen.storyboard in Resources */ = {isa = PBXBuildFile; fileRef = DA8794142105E3680033F7CD /* LaunchScreen.storyboard */; };
		DAD329802111998B00C85B98 /* NSDate+Format.m in Sources */ = {isa = PBXBuildFile; fileRef = DAD3297F2111998B00C85B98 /* NSDate+Format.m */; };
		DAECE5542109E642004B2849 /* ImageContentCoreData.m in Sources */ = {isa = PBXBuildFile; fileRef = DAECE5532109E642004B2849 /* ImageContentCoreData.m */; };
		DAECE5552109ECE3004B2849 /* Model.xcdatamodeld in Sources */ = {isa = PBXBuildFile; fileRef = DA1007302109CB9100A33EB8 /* Model.xcdatamodeld */; };
		DAFFF7332112FCCC00E6FE5B /* ItemCoreDataService+Fetching.m in Sources */ = {isa = PBXBuildFile; fileRef = DAFFF7322112FCCC00E6FE5B /* ItemCoreDataService+Fetching.m */; };
		DAFFF7362113038C00E6FE5B /* ItemCoreDataService+Updating.m in Sources */ = {isa = PBXBuildFile; fileRef = DAFFF7352113038C00E6FE5B /* ItemCoreDataService+Updating.m */; };
		DAFFF7392113042E00E6FE5B /* ItemCoreDataService+Saving.m in Sources */ = {isa = PBXBuildFile; fileRef = DAFFF7382113042E00E6FE5B /* ItemCoreDataService+Saving.m */; };
		DAFFF73C2113051E00E6FE5B /* ItemCoreDataService+Removing.m in Sources */ = {isa = PBXBuildFile; fileRef = DAFFF73B2113051E00E6FE5B /* ItemCoreDataService+Removing.m */; };
		DAFFF74021131EA100E6FE5B /* CoreDataManager+Operations.m in Sources */ = {isa = PBXBuildFile; fileRef = DAFFF73F21131EA100E6FE5B /* CoreDataManager+Operations.m */; };
		DAFFF74321131F5200E6FE5B /* DownloadManager+NSURLSessionDelegate.m in Sources */ = {isa = PBXBuildFile; fileRef = DAFFF74221131F5200E6FE5B /* DownloadManager+NSURLSessionDelegate.m */; };
		DAFFF7482113202300E6FE5B /* FileManager+Creating.m in Sources */ = {isa = PBXBuildFile; fileRef = DAFFF7472113202300E6FE5B /* FileManager+Creating.m */; };
		DAFFF74B2113215D00E6FE5B /* FileManager+Removing.m in Sources */ = {isa = PBXBuildFile; fileRef = DAFFF74A2113215D00E6FE5B /* FileManager+Removing.m */; };
		DAFFF74E211321BB00E6FE5B /* DataManager+Removing.m in Sources */ = {isa = PBXBuildFile; fileRef = DAFFF74D211321BB00E6FE5B /* DataManager+Removing.m */; };
		DAFFF7512113226400E6FE5B /* UIImage+Getting.m in Sources */ = {isa = PBXBuildFile; fileRef = DAFFF7502113226400E6FE5B /* UIImage+Getting.m */; };
		DAFFF7542113249900E6FE5B /* DataManager+Fetching.m in Sources */ = {isa = PBXBuildFile; fileRef = DAFFF7532113249900E6FE5B /* DataManager+Fetching.m */; };
		DAFFF757211325C900E6FE5B /* DataManager+Saving.m in Sources */ = {isa = PBXBuildFile; fileRef = DAFFF756211325C900E6FE5B /* DataManager+Saving.m */; };
		EFD83A43211089FB004C6545 /* SettingsViewController+Constraints.m in Sources */ = {isa = PBXBuildFile; fileRef = EFD83A42211089FB004C6545 /* SettingsViewController+Constraints.m */; };
		EFD83A4721108F05004C6545 /* VSCollectionViewCell+Constraints.m in Sources */ = {isa = PBXBuildFile; fileRef = EFD83A4621108F05004C6545 /* VSCollectionViewCell+Constraints.m */; };
		EFD83A4A2110952E004C6545 /* NSString+Format.m in Sources */ = {isa = PBXBuildFile; fileRef = EFD83A492110952E004C6545 /* NSString+Format.m */; };
/* End PBXBuildFile section */

/* Begin PBXFileReference section */
		DA1007312109CB9100A33EB8 /* Model.xcdatamodel */ = {isa = PBXFileReference; lastKnownFileType = wrapper.xcdatamodel; path = Model.xcdatamodel; sourceTree = "<group>"; };
		DA14980E210B034600A4B20D /* HeaderView.m */ = {isa = PBXFileReference; fileEncoding = 4; lastKnownFileType = sourcecode.c.objc; path = HeaderView.m; sourceTree = "<group>"; };
		DA14980F210B034600A4B20D /* VideoDetailView.h */ = {isa = PBXFileReference; fileEncoding = 4; lastKnownFileType = sourcecode.c.h; path = VideoDetailView.h; sourceTree = "<group>"; };
		DA149810210B034600A4B20D /* AudioHeaderView.h */ = {isa = PBXFileReference; fileEncoding = 4; lastKnownFileType = sourcecode.c.h; path = AudioHeaderView.h; sourceTree = "<group>"; };
		DA149811210B034600A4B20D /* HeaderView.h */ = {isa = PBXFileReference; fileEncoding = 4; lastKnownFileType = sourcecode.c.h; path = HeaderView.h; sourceTree = "<group>"; };
		DA149812210B034600A4B20D /* VideoDetailView.m */ = {isa = PBXFileReference; fileEncoding = 4; lastKnownFileType = sourcecode.c.objc; path = VideoDetailView.m; sourceTree = "<group>"; };
		DA149813210B034600A4B20D /* AudioHeaderView.m */ = {isa = PBXFileReference; fileEncoding = 4; lastKnownFileType = sourcecode.c.objc; path = AudioHeaderView.m; sourceTree = "<group>"; };
		DA149817210B035700A4B20D /* EntitiesConstants.m */ = {isa = PBXFileReference; fileEncoding = 4; lastKnownFileType = sourcecode.c.objc; path = EntitiesConstants.m; sourceTree = "<group>"; };
		DA149818210B035700A4B20D /* EntitiesConstants.h */ = {isa = PBXFileReference; fileEncoding = 4; lastKnownFileType = sourcecode.c.h; path = EntitiesConstants.h; sourceTree = "<group>"; };
		DA14981A210B039600A4B20D /* ContentViewController+Constraints.h */ = {isa = PBXFileReference; fileEncoding = 4; lastKnownFileType = sourcecode.c.h; path = "ContentViewController+Constraints.h"; sourceTree = "<group>"; };
		DA14981B210B039600A4B20D /* ContentViewController+Constraints.m */ = {isa = PBXFileReference; fileEncoding = 4; lastKnownFileType = sourcecode.c.objc; path = "ContentViewController+Constraints.m"; sourceTree = "<group>"; };
		DA14981D210B06ED00A4B20D /* DownloadManager.h */ = {isa = PBXFileReference; lastKnownFileType = sourcecode.c.h; path = DownloadManager.h; sourceTree = "<group>"; };
		DA14981E210B06ED00A4B20D /* DownloadManager.m */ = {isa = PBXFileReference; lastKnownFileType = sourcecode.c.objc; path = DownloadManager.m; sourceTree = "<group>"; };
		DA149823210B2AFB00A4B20D /* FileManager.h */ = {isa = PBXFileReference; lastKnownFileType = sourcecode.c.h; path = FileManager.h; sourceTree = "<group>"; };
		DA149824210B2AFB00A4B20D /* FileManager.m */ = {isa = PBXFileReference; lastKnownFileType = sourcecode.c.objc; path = FileManager.m; sourceTree = "<group>"; };
		DA149826210B4DE300A4B20D /* UIImage+Compression.h */ = {isa = PBXFileReference; lastKnownFileType = sourcecode.c.h; path = "UIImage+Compression.h"; sourceTree = "<group>"; };
		DA149827210B4DE300A4B20D /* UIImage+Compression.m */ = {isa = PBXFileReference; lastKnownFileType = sourcecode.c.objc; path = "UIImage+Compression.m"; sourceTree = "<group>"; };
		DA26C5FC21075A8900244984 /* FeedViewController+Constraints.h */ = {isa = PBXFileReference; lastKnownFileType = sourcecode.c.h; path = "FeedViewController+Constraints.h"; sourceTree = "<group>"; };
		DA26C5FD21075A8900244984 /* FeedViewController+Constraints.m */ = {isa = PBXFileReference; lastKnownFileType = sourcecode.c.objc; path = "FeedViewController+Constraints.m"; sourceTree = "<group>"; };
		DA26C5FF21075E8500244984 /* ContentViewController.h */ = {isa = PBXFileReference; lastKnownFileType = sourcecode.c.h; path = ContentViewController.h; sourceTree = "<group>"; };
		DA26C60021075E8500244984 /* ContentViewController.m */ = {isa = PBXFileReference; lastKnownFileType = sourcecode.c.objc; path = ContentViewController.m; sourceTree = "<group>"; };
		DA6ED5ED210EF2A8008FBCA9 /* SandboxFolderType.h */ = {isa = PBXFileReference; lastKnownFileType = sourcecode.c.h; path = SandboxFolderType.h; sourceTree = "<group>"; };
		DA6ED5EE210EF2A8008FBCA9 /* PersistentSourceType.h */ = {isa = PBXFileReference; lastKnownFileType = sourcecode.c.h; path = PersistentSourceType.h; sourceTree = "<group>"; };
		DA6ED5EF210EF376008FBCA9 /* FeedViewController+DataManager.h */ = {isa = PBXFileReference; fileEncoding = 4; lastKnownFileType = sourcecode.c.h; path = "FeedViewController+DataManager.h"; sourceTree = "<group>"; };
		DA6ED5F0210EF376008FBCA9 /* FeedViewController+ContentViewControllerDelegate.h */ = {isa = PBXFileReference; fileEncoding = 4; lastKnownFileType = sourcecode.c.h; path = "FeedViewController+ContentViewControllerDelegate.h"; sourceTree = "<group>"; };
		DA6ED5F1210EF376008FBCA9 /* FeedViewController+ContentViewControllerDelegate.m */ = {isa = PBXFileReference; fileEncoding = 4; lastKnownFileType = sourcecode.c.objc; path = "FeedViewController+ContentViewControllerDelegate.m"; sourceTree = "<group>"; };
		DA6ED5F2210EF376008FBCA9 /* FeedViewController+DataManager.m */ = {isa = PBXFileReference; fileEncoding = 4; lastKnownFileType = sourcecode.c.objc; path = "FeedViewController+DataManager.m"; sourceTree = "<group>"; };
		DA6ED5F3210EF377008FBCA9 /* FeedViewController+SettingsViewControllerDelegate.h */ = {isa = PBXFileReference; fileEncoding = 4; lastKnownFileType = sourcecode.c.h; path = "FeedViewController+SettingsViewControllerDelegate.h"; sourceTree = "<group>"; };
		DA6ED5F4210EF377008FBCA9 /* FeedViewController+SettingsViewControllerDelegate.m */ = {isa = PBXFileReference; fileEncoding = 4; lastKnownFileType = sourcecode.c.objc; path = "FeedViewController+SettingsViewControllerDelegate.m"; sourceTree = "<group>"; };
		DA6ED5F9210EF38D008FBCA9 /* DataManager+Preparing.m */ = {isa = PBXFileReference; fileEncoding = 4; lastKnownFileType = sourcecode.c.objc; path = "DataManager+Preparing.m"; sourceTree = "<group>"; };
		DA6ED5FA210EF38D008FBCA9 /* DataManager.h */ = {isa = PBXFileReference; fileEncoding = 4; lastKnownFileType = sourcecode.c.h; path = DataManager.h; sourceTree = "<group>"; };
		DA6ED5FB210EF38D008FBCA9 /* DataManager+DownloadManagerDelegate.m */ = {isa = PBXFileReference; fileEncoding = 4; lastKnownFileType = sourcecode.c.objc; path = "DataManager+DownloadManagerDelegate.m"; sourceTree = "<group>"; };
		DA6ED5FC210EF38D008FBCA9 /* DataManager+XMLParserServiceDelegate.h */ = {isa = PBXFileReference; fileEncoding = 4; lastKnownFileType = sourcecode.c.h; path = "DataManager+XMLParserServiceDelegate.h"; sourceTree = "<group>"; };
		DA6ED5FD210EF38D008FBCA9 /* DataManager.m */ = {isa = PBXFileReference; fileEncoding = 4; lastKnownFileType = sourcecode.c.objc; path = DataManager.m; sourceTree = "<group>"; };
		DA6ED5FE210EF38D008FBCA9 /* DataManager+Preparing.h */ = {isa = PBXFileReference; fileEncoding = 4; lastKnownFileType = sourcecode.c.h; path = "DataManager+Preparing.h"; sourceTree = "<group>"; };
		DA6ED5FF210EF38D008FBCA9 /* DataManager+XMLParserServiceDelegate.m */ = {isa = PBXFileReference; fileEncoding = 4; lastKnownFileType = sourcecode.c.objc; path = "DataManager+XMLParserServiceDelegate.m"; sourceTree = "<group>"; };
		DA6ED600210EF38D008FBCA9 /* DataManager+DownloadManagerDelegate.h */ = {isa = PBXFileReference; fileEncoding = 4; lastKnownFileType = sourcecode.c.h; path = "DataManager+DownloadManagerDelegate.h"; sourceTree = "<group>"; };
		DA6ED606210EF3A6008FBCA9 /* SettingsViewController.m */ = {isa = PBXFileReference; fileEncoding = 4; lastKnownFileType = sourcecode.c.objc; path = SettingsViewController.m; sourceTree = "<group>"; };
		DA6ED607210EF3A6008FBCA9 /* SettingsViewController.h */ = {isa = PBXFileReference; fileEncoding = 4; lastKnownFileType = sourcecode.c.h; path = SettingsViewController.h; sourceTree = "<group>"; };
		DA8794062105E3660033F7CD /* Podcaster.app */ = {isa = PBXFileReference; explicitFileType = wrapper.application; includeInIndex = 0; path = Podcaster.app; sourceTree = BUILT_PRODUCTS_DIR; };
		DA8794092105E3660033F7CD /* AppDelegate.h */ = {isa = PBXFileReference; lastKnownFileType = sourcecode.c.h; path = AppDelegate.h; sourceTree = "<group>"; };
		DA87940A2105E3660033F7CD /* AppDelegate.m */ = {isa = PBXFileReference; lastKnownFileType = sourcecode.c.objc; path = AppDelegate.m; sourceTree = "<group>"; };
		DA8794122105E3680033F7CD /* Assets.xcassets */ = {isa = PBXFileReference; lastKnownFileType = folder.assetcatalog; path = Assets.xcassets; sourceTree = "<group>"; };
		DA8794152105E3680033F7CD /* Base */ = {isa = PBXFileReference; lastKnownFileType = file.storyboard; name = Base; path = Base.lproj/LaunchScreen.storyboard; sourceTree = "<group>"; };
		DA8794172105E3680033F7CD /* Info.plist */ = {isa = PBXFileReference; lastKnownFileType = text.plist.xml; path = Info.plist; sourceTree = "<group>"; };
		DA8794182105E3680033F7CD /* main.m */ = {isa = PBXFileReference; lastKnownFileType = sourcecode.c.objc; path = main.m; sourceTree = "<group>"; };
		DA87941F2105F2490033F7CD /* FeedViewController.h */ = {isa = PBXFileReference; lastKnownFileType = sourcecode.c.h; path = FeedViewController.h; sourceTree = "<group>"; };
		DA8794202105F2490033F7CD /* FeedViewController.m */ = {isa = PBXFileReference; lastKnownFileType = sourcecode.c.objc; path = FeedViewController.m; sourceTree = "<group>"; };
		DA8794272105F43A0033F7CD /* XMLParser.h */ = {isa = PBXFileReference; lastKnownFileType = sourcecode.c.h; path = XMLParser.h; sourceTree = "<group>"; };
		DA8794282105F43A0033F7CD /* XMLParser.m */ = {isa = PBXFileReference; lastKnownFileType = sourcecode.c.objc; path = XMLParser.m; sourceTree = "<group>"; };
		DA87942B210605AF0033F7CD /* Item.h */ = {isa = PBXFileReference; lastKnownFileType = sourcecode.c.h; path = Item.h; sourceTree = "<group>"; };
		DA87942C210605AF0033F7CD /* Item.m */ = {isa = PBXFileReference; lastKnownFileType = sourcecode.c.objc; path = Item.m; sourceTree = "<group>"; };
		DA87942F210612220033F7CD /* SourceType.h */ = {isa = PBXFileReference; lastKnownFileType = sourcecode.c.h; path = SourceType.h; sourceTree = "<group>"; };
		DA8794312106180E0033F7CD /* XMLParserService.h */ = {isa = PBXFileReference; lastKnownFileType = sourcecode.c.h; path = XMLParserService.h; sourceTree = "<group>"; };
		DA8794322106180E0033F7CD /* XMLParserService.m */ = {isa = PBXFileReference; lastKnownFileType = sourcecode.c.objc; path = XMLParserService.m; sourceTree = "<group>"; };
		DA87943721061D550033F7CD /* Constants.h */ = {isa = PBXFileReference; lastKnownFileType = sourcecode.c.h; path = Constants.h; sourceTree = "<group>"; };
		DA87943821061D630033F7CD /* Constants.m */ = {isa = PBXFileReference; lastKnownFileType = sourcecode.c.objc; path = Constants.m; sourceTree = "<group>"; };
		DA87943B21062CBA0033F7CD /* ImageContent.h */ = {isa = PBXFileReference; lastKnownFileType = sourcecode.c.h; path = ImageContent.h; sourceTree = "<group>"; };
		DA87943C21062CBA0033F7CD /* ImageContent.m */ = {isa = PBXFileReference; lastKnownFileType = sourcecode.c.objc; path = ImageContent.m; sourceTree = "<group>"; };
		DA8794482106316A0033F7CD /* MediaContent.h */ = {isa = PBXFileReference; lastKnownFileType = sourcecode.c.h; path = MediaContent.h; sourceTree = "<group>"; };
		DA8794492106316A0033F7CD /* MediaContent.m */ = {isa = PBXFileReference; lastKnownFileType = sourcecode.c.objc; path = MediaContent.m; sourceTree = "<group>"; };
		DA8E20122109C704004FA6F9 /* ItemCoreData.h */ = {isa = PBXFileReference; fileEncoding = 4; lastKnownFileType = sourcecode.c.h; path = ItemCoreData.h; sourceTree = "<group>"; };
		DA8E20132109C705004FA6F9 /* ItemCoreData.m */ = {isa = PBXFileReference; fileEncoding = 4; lastKnownFileType = sourcecode.c.objc; path = ItemCoreData.m; sourceTree = "<group>"; };
		DA8E20152109C70F004FA6F9 /* MediaContentCoreData.m */ = {isa = PBXFileReference; fileEncoding = 4; lastKnownFileType = sourcecode.c.objc; path = MediaContentCoreData.m; sourceTree = "<group>"; };
		DA8E20162109C70F004FA6F9 /* MediaContentCoreData.h */ = {isa = PBXFileReference; fileEncoding = 4; lastKnownFileType = sourcecode.c.h; path = MediaContentCoreData.h; sourceTree = "<group>"; };
		DA95A3C0210866B80007F078 /* UIColor+CustomColors.h */ = {isa = PBXFileReference; lastKnownFileType = sourcecode.c.h; path = "UIColor+CustomColors.h"; sourceTree = "<group>"; };
		DA95A3C1210866B80007F078 /* UIColor+CustomColors.m */ = {isa = PBXFileReference; lastKnownFileType = sourcecode.c.objc; path = "UIColor+CustomColors.m"; sourceTree = "<group>"; };
		DA95A3C42108767E0007F078 /* SplitViewController.h */ = {isa = PBXFileReference; lastKnownFileType = sourcecode.c.h; path = SplitViewController.h; sourceTree = "<group>"; };
		DA95A3C52108767E0007F078 /* SplitViewController.m */ = {isa = PBXFileReference; lastKnownFileType = sourcecode.c.objc; path = SplitViewController.m; sourceTree = "<group>"; };
		DA95A3C7210882F40007F078 /* TEDCollectionViewCell.h */ = {isa = PBXFileReference; lastKnownFileType = sourcecode.c.h; path = TEDCollectionViewCell.h; sourceTree = "<group>"; };
		DA95A3C8210882F40007F078 /* TEDCollectionViewCell.m */ = {isa = PBXFileReference; lastKnownFileType = sourcecode.c.objc; path = TEDCollectionViewCell.m; sourceTree = "<group>"; };
		DA95A3CA210883410007F078 /* VSCollectionViewCell.h */ = {isa = PBXFileReference; lastKnownFileType = sourcecode.c.h; path = VSCollectionViewCell.h; sourceTree = "<group>"; };
		DA95A3CB210883410007F078 /* VSCollectionViewCell.m */ = {isa = PBXFileReference; lastKnownFileType = sourcecode.c.objc; path = VSCollectionViewCell.m; sourceTree = "<group>"; };
		DA95A3D42108E8DC0007F078 /* CoreDataManager.h */ = {isa = PBXFileReference; lastKnownFileType = sourcecode.c.h; path = CoreDataManager.h; sourceTree = "<group>"; };
		DA95A3D52108E8DC0007F078 /* CoreDataManager.m */ = {isa = PBXFileReference; lastKnownFileType = sourcecode.c.objc; path = CoreDataManager.m; sourceTree = "<group>"; };
		DA95A3D82108EA130007F078 /* ItemCoreDataService.h */ = {isa = PBXFileReference; lastKnownFileType = sourcecode.c.h; path = ItemCoreDataService.h; sourceTree = "<group>"; };
		DA95A3D92108EA130007F078 /* ItemCoreDataService.m */ = {isa = PBXFileReference; lastKnownFileType = sourcecode.c.objc; path = ItemCoreDataService.m; sourceTree = "<group>"; };
		DAD3297E2111998B00C85B98 /* NSDate+Format.h */ = {isa = PBXFileReference; lastKnownFileType = sourcecode.c.h; path = "NSDate+Format.h"; sourceTree = "<group>"; };
		DAD3297F2111998B00C85B98 /* NSDate+Format.m */ = {isa = PBXFileReference; lastKnownFileType = sourcecode.c.objc; path = "NSDate+Format.m"; sourceTree = "<group>"; };
		DAECE5522109E642004B2849 /* ImageContentCoreData.h */ = {isa = PBXFileReference; lastKnownFileType = sourcecode.c.h; path = ImageContentCoreData.h; sourceTree = "<group>"; };
		DAECE5532109E642004B2849 /* ImageContentCoreData.m */ = {isa = PBXFileReference; lastKnownFileType = sourcecode.c.objc; path = ImageContentCoreData.m; sourceTree = "<group>"; };
		DAFFF7312112FCCC00E6FE5B /* ItemCoreDataService+Fetching.h */ = {isa = PBXFileReference; lastKnownFileType = sourcecode.c.h; path = "ItemCoreDataService+Fetching.h"; sourceTree = "<group>"; };
		DAFFF7322112FCCC00E6FE5B /* ItemCoreDataService+Fetching.m */ = {isa = PBXFileReference; lastKnownFileType = sourcecode.c.objc; path = "ItemCoreDataService+Fetching.m"; sourceTree = "<group>"; };
		DAFFF7342113038C00E6FE5B /* ItemCoreDataService+Updating.h */ = {isa = PBXFileReference; lastKnownFileType = sourcecode.c.h; path = "ItemCoreDataService+Updating.h"; sourceTree = "<group>"; };
		DAFFF7352113038C00E6FE5B /* ItemCoreDataService+Updating.m */ = {isa = PBXFileReference; lastKnownFileType = sourcecode.c.objc; path = "ItemCoreDataService+Updating.m"; sourceTree = "<group>"; };
		DAFFF7372113042E00E6FE5B /* ItemCoreDataService+Saving.h */ = {isa = PBXFileReference; lastKnownFileType = sourcecode.c.h; path = "ItemCoreDataService+Saving.h"; sourceTree = "<group>"; };
		DAFFF7382113042E00E6FE5B /* ItemCoreDataService+Saving.m */ = {isa = PBXFileReference; lastKnownFileType = sourcecode.c.objc; path = "ItemCoreDataService+Saving.m"; sourceTree = "<group>"; };
		DAFFF73A2113051E00E6FE5B /* ItemCoreDataService+Removing.h */ = {isa = PBXFileReference; lastKnownFileType = sourcecode.c.h; path = "ItemCoreDataService+Removing.h"; sourceTree = "<group>"; };
		DAFFF73B2113051E00E6FE5B /* ItemCoreDataService+Removing.m */ = {isa = PBXFileReference; lastKnownFileType = sourcecode.c.objc; path = "ItemCoreDataService+Removing.m"; sourceTree = "<group>"; };
		DAFFF73E21131EA100E6FE5B /* CoreDataManager+Operations.h */ = {isa = PBXFileReference; lastKnownFileType = sourcecode.c.h; path = "CoreDataManager+Operations.h"; sourceTree = "<group>"; };
		DAFFF73F21131EA100E6FE5B /* CoreDataManager+Operations.m */ = {isa = PBXFileReference; lastKnownFileType = sourcecode.c.objc; path = "CoreDataManager+Operations.m"; sourceTree = "<group>"; };
		DAFFF74121131F5200E6FE5B /* DownloadManager+NSURLSessionDelegate.h */ = {isa = PBXFileReference; lastKnownFileType = sourcecode.c.h; path = "DownloadManager+NSURLSessionDelegate.h"; sourceTree = "<group>"; };
		DAFFF74221131F5200E6FE5B /* DownloadManager+NSURLSessionDelegate.m */ = {isa = PBXFileReference; lastKnownFileType = sourcecode.c.objc; path = "DownloadManager+NSURLSessionDelegate.m"; sourceTree = "<group>"; };
		DAFFF7462113202300E6FE5B /* FileManager+Creating.h */ = {isa = PBXFileReference; lastKnownFileType = sourcecode.c.h; path = "FileManager+Creating.h"; sourceTree = "<group>"; };
		DAFFF7472113202300E6FE5B /* FileManager+Creating.m */ = {isa = PBXFileReference; lastKnownFileType = sourcecode.c.objc; path = "FileManager+Creating.m"; sourceTree = "<group>"; };
		DAFFF7492113215D00E6FE5B /* FileManager+Removing.h */ = {isa = PBXFileReference; lastKnownFileType = sourcecode.c.h; path = "FileManager+Removing.h"; sourceTree = "<group>"; };
		DAFFF74A2113215D00E6FE5B /* FileManager+Removing.m */ = {isa = PBXFileReference; lastKnownFileType = sourcecode.c.objc; path = "FileManager+Removing.m"; sourceTree = "<group>"; };
		DAFFF74C211321BB00E6FE5B /* DataManager+Removing.h */ = {isa = PBXFileReference; lastKnownFileType = sourcecode.c.h; path = "DataManager+Removing.h"; sourceTree = "<group>"; };
		DAFFF74D211321BB00E6FE5B /* DataManager+Removing.m */ = {isa = PBXFileReference; lastKnownFileType = sourcecode.c.objc; path = "DataManager+Removing.m"; sourceTree = "<group>"; };
		DAFFF74F2113226400E6FE5B /* UIImage+Getting.h */ = {isa = PBXFileReference; lastKnownFileType = sourcecode.c.h; path = "UIImage+Getting.h"; sourceTree = "<group>"; };
		DAFFF7502113226400E6FE5B /* UIImage+Getting.m */ = {isa = PBXFileReference; lastKnownFileType = sourcecode.c.objc; path = "UIImage+Getting.m"; sourceTree = "<group>"; };
		DAFFF7522113249900E6FE5B /* DataManager+Fetching.h */ = {isa = PBXFileReference; lastKnownFileType = sourcecode.c.h; path = "DataManager+Fetching.h"; sourceTree = "<group>"; };
		DAFFF7532113249900E6FE5B /* DataManager+Fetching.m */ = {isa = PBXFileReference; lastKnownFileType = sourcecode.c.objc; path = "DataManager+Fetching.m"; sourceTree = "<group>"; };
		DAFFF755211325C900E6FE5B /* DataManager+Saving.h */ = {isa = PBXFileReference; lastKnownFileType = sourcecode.c.h; path = "DataManager+Saving.h"; sourceTree = "<group>"; };
		DAFFF756211325C900E6FE5B /* DataManager+Saving.m */ = {isa = PBXFileReference; lastKnownFileType = sourcecode.c.objc; path = "DataManager+Saving.m"; sourceTree = "<group>"; };
		EFABF1B12107A8F100659AEB /* FeedViewController+CollectionView.h */ = {isa = PBXFileReference; lastKnownFileType = sourcecode.c.h; path = "FeedViewController+CollectionView.h"; sourceTree = "<group>"; };
		EFABF1B22107A8F100659AEB /* FeedViewController+CollectionView.m */ = {isa = PBXFileReference; lastKnownFileType = sourcecode.c.objc; path = "FeedViewController+CollectionView.m"; sourceTree = "<group>"; };
		EFABF1B62107A9CF00659AEB /* MP3CollectionViewCell.h */ = {isa = PBXFileReference; lastKnownFileType = sourcecode.c.h; path = MP3CollectionViewCell.h; sourceTree = "<group>"; };
		EFABF1B72107A9CF00659AEB /* MP3CollectionViewCell.m */ = {isa = PBXFileReference; lastKnownFileType = sourcecode.c.objc; path = MP3CollectionViewCell.m; sourceTree = "<group>"; };
		EFD83A41211089FB004C6545 /* SettingsViewController+Constraints.h */ = {isa = PBXFileReference; lastKnownFileType = sourcecode.c.h; path = "SettingsViewController+Constraints.h"; sourceTree = "<group>"; };
		EFD83A42211089FB004C6545 /* SettingsViewController+Constraints.m */ = {isa = PBXFileReference; lastKnownFileType = sourcecode.c.objc; path = "SettingsViewController+Constraints.m"; sourceTree = "<group>"; };
		EFD83A4521108F05004C6545 /* VSCollectionViewCell+Constraints.h */ = {isa = PBXFileReference; lastKnownFileType = sourcecode.c.h; path = "VSCollectionViewCell+Constraints.h"; sourceTree = "<group>"; };
		EFD83A4621108F05004C6545 /* VSCollectionViewCell+Constraints.m */ = {isa = PBXFileReference; lastKnownFileType = sourcecode.c.objc; path = "VSCollectionViewCell+Constraints.m"; sourceTree = "<group>"; };
		EFD83A482110952E004C6545 /* NSString+Format.h */ = {isa = PBXFileReference; lastKnownFileType = sourcecode.c.h; path = "NSString+Format.h"; sourceTree = "<group>"; };
		EFD83A492110952E004C6545 /* NSString+Format.m */ = {isa = PBXFileReference; lastKnownFileType = sourcecode.c.objc; path = "NSString+Format.m"; sourceTree = "<group>"; };
/* End PBXFileReference section */

/* Begin PBXFrameworksBuildPhase section */
		DA8794032105E3660033F7CD /* Frameworks */ = {
			isa = PBXFrameworksBuildPhase;
			buildActionMask = 2147483647;
			files = (
			);
			runOnlyForDeploymentPostprocessing = 0;
		};
/* End PBXFrameworksBuildPhase section */

/* Begin PBXGroup section */
		DA14980D210B034600A4B20D /* HeaderViews */ = {
			isa = PBXGroup;
			children = (
				DA149811210B034600A4B20D /* HeaderView.h */,
				DA14980E210B034600A4B20D /* HeaderView.m */,
				DA14980F210B034600A4B20D /* VideoDetailView.h */,
				DA149812210B034600A4B20D /* VideoDetailView.m */,
				DA149810210B034600A4B20D /* AudioHeaderView.h */,
				DA149813210B034600A4B20D /* AudioHeaderView.m */,
			);
			path = HeaderViews;
			sourceTree = "<group>";
		};
		DA26C5F2210755C200244984 /* FeedViewController */ = {
			isa = PBXGroup;
			children = (
				DA87941F2105F2490033F7CD /* FeedViewController.h */,
				DA8794202105F2490033F7CD /* FeedViewController.m */,
				DA26C5FC21075A8900244984 /* FeedViewController+Constraints.h */,
				DA26C5FD21075A8900244984 /* FeedViewController+Constraints.m */,
				EFABF1B12107A8F100659AEB /* FeedViewController+CollectionView.h */,
				EFABF1B22107A8F100659AEB /* FeedViewController+CollectionView.m */,
				DA6ED5F0210EF376008FBCA9 /* FeedViewController+ContentViewControllerDelegate.h */,
				DA6ED5F1210EF376008FBCA9 /* FeedViewController+ContentViewControllerDelegate.m */,
				DA6ED5EF210EF376008FBCA9 /* FeedViewController+DataManager.h */,
				DA6ED5F2210EF376008FBCA9 /* FeedViewController+DataManager.m */,
				DA6ED5F3210EF377008FBCA9 /* FeedViewController+SettingsViewControllerDelegate.h */,
				DA6ED5F4210EF377008FBCA9 /* FeedViewController+SettingsViewControllerDelegate.m */,
			);
			path = FeedViewController;
			sourceTree = "<group>";
		};
		DA26C60221075E8700244984 /* ContentViewController */ = {
			isa = PBXGroup;
			children = (
				DA26C5FF21075E8500244984 /* ContentViewController.h */,
				DA26C60021075E8500244984 /* ContentViewController.m */,
				DA14981A210B039600A4B20D /* ContentViewController+Constraints.h */,
				DA14981B210B039600A4B20D /* ContentViewController+Constraints.m */,
			);
			path = ContentViewController;
			sourceTree = "<group>";
		};
		DA6ED5F8210EF38D008FBCA9 /* DataManager */ = {
			isa = PBXGroup;
			children = (
				DA6ED5FA210EF38D008FBCA9 /* DataManager.h */,
				DA6ED5FD210EF38D008FBCA9 /* DataManager.m */,
				DAFFF755211325C900E6FE5B /* DataManager+Saving.h */,
				DAFFF756211325C900E6FE5B /* DataManager+Saving.m */,
				DAFFF7522113249900E6FE5B /* DataManager+Fetching.h */,
				DAFFF7532113249900E6FE5B /* DataManager+Fetching.m */,
				DA6ED5FE210EF38D008FBCA9 /* DataManager+Preparing.h */,
				DA6ED5F9210EF38D008FBCA9 /* DataManager+Preparing.m */,
				DAFFF74C211321BB00E6FE5B /* DataManager+Removing.h */,
				DAFFF74D211321BB00E6FE5B /* DataManager+Removing.m */,
				DA6ED5FC210EF38D008FBCA9 /* DataManager+XMLParserServiceDelegate.h */,
				DA6ED5FF210EF38D008FBCA9 /* DataManager+XMLParserServiceDelegate.m */,
				DA6ED600210EF38D008FBCA9 /* DataManager+DownloadManagerDelegate.h */,
				DA6ED5FB210EF38D008FBCA9 /* DataManager+DownloadManagerDelegate.m */,
			);
			path = DataManager;
			sourceTree = "<group>";
		};
		DA6ED605210EF3A6008FBCA9 /* SettingsViewController */ = {
			isa = PBXGroup;
			children = (
				DA6ED607210EF3A6008FBCA9 /* SettingsViewController.h */,
				DA6ED606210EF3A6008FBCA9 /* SettingsViewController.m */,
				EFD83A41211089FB004C6545 /* SettingsViewController+Constraints.h */,
				EFD83A42211089FB004C6545 /* SettingsViewController+Constraints.m */,
			);
			path = SettingsViewController;
			sourceTree = "<group>";
		};
		DA8793FD2105E3660033F7CD = {
			isa = PBXGroup;
			children = (
				DA8794082105E3660033F7CD /* Podcaster */,
				DA8794072105E3660033F7CD /* Products */,
			);
			sourceTree = "<group>";
		};
		DA8794072105E3660033F7CD /* Products */ = {
			isa = PBXGroup;
			children = (
				DA8794062105E3660033F7CD /* Podcaster.app */,
			);
			name = Products;
			sourceTree = "<group>";
		};
		DA8794082105E3660033F7CD /* Podcaster */ = {
			isa = PBXGroup;
			children = (
				DA95A3BF2108669D0007F078 /* Categories */,
				DA87943621061D390033F7CD /* Constants */,
				DA87942E2106116C0033F7CD /* Helpers */,
				DA8794222105F2E80033F7CD /* Services */,
				DA8794302106164B0033F7CD /* Parsers */,
				DA95A3D32108E8B80007F078 /* Managers */,
				DA8794262105F3460033F7CD /* Models */,
				EFABF1B42107A97600659AEB /* Views */,
				DA87943521061D0D0033F7CD /* Controllers */,
				DA87943421061CF80033F7CD /* Support Files */,
				DA8794172105E3680033F7CD /* Info.plist */,
				DA1007302109CB9100A33EB8 /* Model.xcdatamodeld */,
			);
			path = Podcaster;
			sourceTree = "<group>";
		};
		DA8794222105F2E80033F7CD /* Services */ = {
			isa = PBXGroup;
			children = (
				DA95A3D72108E9FD0007F078 /* CoreData */,
				DA87944B210631B70033F7CD /* XMLParser */,
			);
			path = Services;
			sourceTree = "<group>";
		};
		DA8794262105F3460033F7CD /* Models */ = {
			isa = PBXGroup;
			children = (
				DA879441210630F10033F7CD /* MediaContent */,
				DA87943A21062CA10033F7CD /* ImageContent */,
				DA87942A2106059E0033F7CD /* Item */,
			);
			path = Models;
			sourceTree = "<group>";
		};
		DA87942A2106059E0033F7CD /* Item */ = {
			isa = PBXGroup;
			children = (
				DA87942B210605AF0033F7CD /* Item.h */,
				DA87942C210605AF0033F7CD /* Item.m */,
				DA8E20122109C704004FA6F9 /* ItemCoreData.h */,
				DA8E20132109C705004FA6F9 /* ItemCoreData.m */,
			);
			path = Item;
			sourceTree = "<group>";
		};
		DA87942E2106116C0033F7CD /* Helpers */ = {
			isa = PBXGroup;
			children = (
				DA6ED5EE210EF2A8008FBCA9 /* PersistentSourceType.h */,
				DA6ED5ED210EF2A8008FBCA9 /* SandboxFolderType.h */,
				DA87942F210612220033F7CD /* SourceType.h */,
			);
			path = Helpers;
			sourceTree = "<group>";
		};
		DA8794302106164B0033F7CD /* Parsers */ = {
			isa = PBXGroup;
			children = (
				DA8794272105F43A0033F7CD /* XMLParser.h */,
				DA8794282105F43A0033F7CD /* XMLParser.m */,
			);
			path = Parsers;
			sourceTree = "<group>";
		};
		DA87943421061CF80033F7CD /* Support Files */ = {
			isa = PBXGroup;
			children = (
				DA8794092105E3660033F7CD /* AppDelegate.h */,
				DA87940A2105E3660033F7CD /* AppDelegate.m */,
				DA8794122105E3680033F7CD /* Assets.xcassets */,
				DA8794142105E3680033F7CD /* LaunchScreen.storyboard */,
				DA8794182105E3680033F7CD /* main.m */,
			);
			path = "Support Files";
			sourceTree = "<group>";
		};
		DA87943521061D0D0033F7CD /* Controllers */ = {
			isa = PBXGroup;
			children = (
				DA95A3C3210876680007F078 /* SplitViewController */,
				DA26C5F2210755C200244984 /* FeedViewController */,
				DA26C60221075E8700244984 /* ContentViewController */,
				DA6ED605210EF3A6008FBCA9 /* SettingsViewController */,
			);
			path = Controllers;
			sourceTree = "<group>";
		};
		DA87943621061D390033F7CD /* Constants */ = {
			isa = PBXGroup;
			children = (
				DA87943721061D550033F7CD /* Constants.h */,
				DA87943821061D630033F7CD /* Constants.m */,
				DA149818210B035700A4B20D /* EntitiesConstants.h */,
				DA149817210B035700A4B20D /* EntitiesConstants.m */,
			);
			path = Constants;
			sourceTree = "<group>";
		};
		DA87943A21062CA10033F7CD /* ImageContent */ = {
			isa = PBXGroup;
			children = (
				DA87943B21062CBA0033F7CD /* ImageContent.h */,
				DA87943C21062CBA0033F7CD /* ImageContent.m */,
				DAECE5522109E642004B2849 /* ImageContentCoreData.h */,
				DAECE5532109E642004B2849 /* ImageContentCoreData.m */,
			);
			path = ImageContent;
			sourceTree = "<group>";
		};
		DA879441210630F10033F7CD /* MediaContent */ = {
			isa = PBXGroup;
			children = (
				DA8794482106316A0033F7CD /* MediaContent.h */,
				DA8794492106316A0033F7CD /* MediaContent.m */,
				DA8E20162109C70F004FA6F9 /* MediaContentCoreData.h */,
				DA8E20152109C70F004FA6F9 /* MediaContentCoreData.m */,
			);
			path = MediaContent;
			sourceTree = "<group>";
		};
		DA87944B210631B70033F7CD /* XMLParser */ = {
			isa = PBXGroup;
			children = (
				DA8794312106180E0033F7CD /* XMLParserService.h */,
				DA8794322106180E0033F7CD /* XMLParserService.m */,
			);
			path = XMLParser;
			sourceTree = "<group>";
		};
		DA95A3BF2108669D0007F078 /* Categories */ = {
			isa = PBXGroup;
			children = (
				DA95A3C0210866B80007F078 /* UIColor+CustomColors.h */,
				DA95A3C1210866B80007F078 /* UIColor+CustomColors.m */,
				DA149826210B4DE300A4B20D /* UIImage+Compression.h */,
				DA149827210B4DE300A4B20D /* UIImage+Compression.m */,
				EFD83A482110952E004C6545 /* NSString+Format.h */,
				EFD83A492110952E004C6545 /* NSString+Format.m */,
				DAD3297E2111998B00C85B98 /* NSDate+Format.h */,
				DAD3297F2111998B00C85B98 /* NSDate+Format.m */,
				DAFFF74F2113226400E6FE5B /* UIImage+Getting.h */,
				DAFFF7502113226400E6FE5B /* UIImage+Getting.m */,
			);
			path = Categories;
			sourceTree = "<group>";
		};
		DA95A3C3210876680007F078 /* SplitViewController */ = {
			isa = PBXGroup;
			children = (
				DA95A3C42108767E0007F078 /* SplitViewController.h */,
				DA95A3C52108767E0007F078 /* SplitViewController.m */,
			);
			path = SplitViewController;
			sourceTree = "<group>";
		};
		DA95A3D32108E8B80007F078 /* Managers */ = {
			isa = PBXGroup;
			children = (
				DAFFF73D21131E3700E6FE5B /* CoreDataManager */,
				DAFFF74421131F5900E6FE5B /* DownloadManager */,
				DAFFF74521131FF600E6FE5B /* FileManager */,
				DA6ED5F8210EF38D008FBCA9 /* DataManager */,
			);
			path = Managers;
			sourceTree = "<group>";
		};
		DA95A3D72108E9FD0007F078 /* CoreData */ = {
			isa = PBXGroup;
			children = (
				DA95A3D82108EA130007F078 /* ItemCoreDataService.h */,
				DA95A3D92108EA130007F078 /* ItemCoreDataService.m */,
				DAFFF7372113042E00E6FE5B /* ItemCoreDataService+Saving.h */,
				DAFFF7382113042E00E6FE5B /* ItemCoreDataService+Saving.m */,
				DAFFF7312112FCCC00E6FE5B /* ItemCoreDataService+Fetching.h */,
				DAFFF7322112FCCC00E6FE5B /* ItemCoreDataService+Fetching.m */,
				DAFFF7342113038C00E6FE5B /* ItemCoreDataService+Updating.h */,
				DAFFF7352113038C00E6FE5B /* ItemCoreDataService+Updating.m */,
				DAFFF73A2113051E00E6FE5B /* ItemCoreDataService+Removing.h */,
				DAFFF73B2113051E00E6FE5B /* ItemCoreDataService+Removing.m */,
			);
			path = CoreData;
			sourceTree = "<group>";
		};
		DAFFF73D21131E3700E6FE5B /* CoreDataManager */ = {
			isa = PBXGroup;
			children = (
				DA95A3D42108E8DC0007F078 /* CoreDataManager.h */,
				DA95A3D52108E8DC0007F078 /* CoreDataManager.m */,
				DAFFF73E21131EA100E6FE5B /* CoreDataManager+Operations.h */,
				DAFFF73F21131EA100E6FE5B /* CoreDataManager+Operations.m */,
			);
			path = CoreDataManager;
			sourceTree = "<group>";
		};
		DAFFF74421131F5900E6FE5B /* DownloadManager */ = {
			isa = PBXGroup;
			children = (
				DA14981D210B06ED00A4B20D /* DownloadManager.h */,
				DA14981E210B06ED00A4B20D /* DownloadManager.m */,
				DAFFF74121131F5200E6FE5B /* DownloadManager+NSURLSessionDelegate.h */,
				DAFFF74221131F5200E6FE5B /* DownloadManager+NSURLSessionDelegate.m */,
			);
			path = DownloadManager;
			sourceTree = "<group>";
		};
		DAFFF74521131FF600E6FE5B /* FileManager */ = {
			isa = PBXGroup;
			children = (
				DA149823210B2AFB00A4B20D /* FileManager.h */,
				DA149824210B2AFB00A4B20D /* FileManager.m */,
				DAFFF7462113202300E6FE5B /* FileManager+Creating.h */,
				DAFFF7472113202300E6FE5B /* FileManager+Creating.m */,
				DAFFF7492113215D00E6FE5B /* FileManager+Removing.h */,
				DAFFF74A2113215D00E6FE5B /* FileManager+Removing.m */,
			);
			path = FileManager;
			sourceTree = "<group>";
		};
		EFABF1B42107A97600659AEB /* Views */ = {
			isa = PBXGroup;
			children = (
				DA14980D210B034600A4B20D /* HeaderViews */,
				EFABF1B52107A98400659AEB /* CollectionViewCells */,
			);
			path = Views;
			sourceTree = "<group>";
		};
		EFABF1B52107A98400659AEB /* CollectionViewCells */ = {
			isa = PBXGroup;
			children = (
				EFD83A4421108D25004C6545 /* VSCollectionViewCell */,
				EFABF1B62107A9CF00659AEB /* MP3CollectionViewCell.h */,
				EFABF1B72107A9CF00659AEB /* MP3CollectionViewCell.m */,
				DA95A3C7210882F40007F078 /* TEDCollectionViewCell.h */,
				DA95A3C8210882F40007F078 /* TEDCollectionViewCell.m */,
			);
			path = CollectionViewCells;
			sourceTree = "<group>";
		};
		EFD83A4421108D25004C6545 /* VSCollectionViewCell */ = {
			isa = PBXGroup;
			children = (
				DA95A3CA210883410007F078 /* VSCollectionViewCell.h */,
				DA95A3CB210883410007F078 /* VSCollectionViewCell.m */,
				EFD83A4521108F05004C6545 /* VSCollectionViewCell+Constraints.h */,
				EFD83A4621108F05004C6545 /* VSCollectionViewCell+Constraints.m */,
			);
			path = VSCollectionViewCell;
			sourceTree = "<group>";
		};
/* End PBXGroup section */

/* Begin PBXNativeTarget section */
		DA8794052105E3660033F7CD /* Podcaster */ = {
			isa = PBXNativeTarget;
			buildConfigurationList = DA87941C2105E3680033F7CD /* Build configuration list for PBXNativeTarget "Podcaster" */;
			buildPhases = (
				DA8794032105E3660033F7CD /* Frameworks */,
				DA8794042105E3660033F7CD /* Resources */,
				DA1007372109CE0C00A33EB8 /* Sources */,
			);
			buildRules = (
			);
			dependencies = (
			);
			name = Podcaster;
			productName = Podcaster;
			productReference = DA8794062105E3660033F7CD /* Podcaster.app */;
			productType = "com.apple.product-type.application";
		};
/* End PBXNativeTarget section */

/* Begin PBXProject section */
		DA8793FE2105E3660033F7CD /* Project object */ = {
			isa = PBXProject;
			attributes = {
				LastUpgradeCheck = 0940;
				ORGANIZATIONNAME = "Viktar Semianchuk";
				TargetAttributes = {
					DA8794052105E3660033F7CD = {
						CreatedOnToolsVersion = 9.4.1;
					};
				};
			};
			buildConfigurationList = DA8794012105E3660033F7CD /* Build configuration list for PBXProject "Podcaster" */;
			compatibilityVersion = "Xcode 9.3";
			developmentRegion = en;
			hasScannedForEncodings = 0;
			knownRegions = (
				en,
				Base,
			);
			mainGroup = DA8793FD2105E3660033F7CD;
			productRefGroup = DA8794072105E3660033F7CD /* Products */;
			projectDirPath = "";
			projectRoot = "";
			targets = (
				DA8794052105E3660033F7CD /* Podcaster */,
			);
		};
/* End PBXProject section */

/* Begin PBXResourcesBuildPhase section */
		DA8794042105E3660033F7CD /* Resources */ = {
			isa = PBXResourcesBuildPhase;
			buildActionMask = 2147483647;
			files = (
				DA8794162105E3680033F7CD /* LaunchScreen.storyboard in Resources */,
				DA8794132105E3680033F7CD /* Assets.xcassets in Resources */,
			);
			runOnlyForDeploymentPostprocessing = 0;
		};
/* End PBXResourcesBuildPhase section */

/* Begin PBXSourcesBuildPhase section */
		DA1007372109CE0C00A33EB8 /* Sources */ = {
			isa = PBXSourcesBuildPhase;
			buildActionMask = 2147483647;
			files = (
				EFD83A4721108F05004C6545 /* VSCollectionViewCell+Constraints.m in Sources */,
				EFD83A4A2110952E004C6545 /* NSString+Format.m in Sources */,
				DAECE5552109ECE3004B2849 /* Model.xcdatamodeld in Sources */,
				DA149815210B034600A4B20D /* VideoDetailView.m in Sources */,
				DA6ED604210EF38D008FBCA9 /* DataManager+XMLParserServiceDelegate.m in Sources */,
				DA1007502109D04700A33EB8 /* CoreDataManager.m in Sources */,
				DA10074D2109CF5700A33EB8 /* ItemCoreDataService.m in Sources */,
				DA10074E2109CF5700A33EB8 /* MediaContentCoreData.m in Sources */,
				DA10074F2109CF5700A33EB8 /* ItemCoreData.m in Sources */,
				DAFFF7512113226400E6FE5B /* UIImage+Getting.m in Sources */,
				DAFFF7392113042E00E6FE5B /* ItemCoreDataService+Saving.m in Sources */,
				DAD329802111998B00C85B98 /* NSDate+Format.m in Sources */,
				DA1007442109CE7300A33EB8 /* TEDCollectionViewCell.m in Sources */,
				DA14981C210B039600A4B20D /* ContentViewController+Constraints.m in Sources */,
				DA1007452109CE7300A33EB8 /* SplitViewController.m in Sources */,
				DAFFF7542113249900E6FE5B /* DataManager+Fetching.m in Sources */,
				DAFFF7482113202300E6FE5B /* FileManager+Creating.m in Sources */,
				DA1007462109CE7300A33EB8 /* FeedViewController.m in Sources */,
				EFD83A43211089FB004C6545 /* SettingsViewController+Constraints.m in Sources */,
				DA6ED601210EF38D008FBCA9 /* DataManager+Preparing.m in Sources */,
				DAFFF73C2113051E00E6FE5B /* ItemCoreDataService+Removing.m in Sources */,
				DA1007482109CE7300A33EB8 /* FeedViewController+Constraints.m in Sources */,
				DA149814210B034600A4B20D /* HeaderView.m in Sources */,
				DAFFF74021131EA100E6FE5B /* CoreDataManager+Operations.m in Sources */,
				DA1007492109CE7300A33EB8 /* FeedViewController+CollectionView.m in Sources */,
				DA6ED5F5210EF377008FBCA9 /* FeedViewController+ContentViewControllerDelegate.m in Sources */,
				DAECE5542109E642004B2849 /* ImageContentCoreData.m in Sources */,
				DA10074A2109CE7300A33EB8 /* ContentViewController.m in Sources */,
				DAFFF7362113038C00E6FE5B /* ItemCoreDataService+Updating.m in Sources */,
				DA6ED603210EF38D008FBCA9 /* DataManager.m in Sources */,
				DA10074B2109CE7300A33EB8 /* AppDelegate.m in Sources */,
				DAFFF74B2113215D00E6FE5B /* FileManager+Removing.m in Sources */,
				DAFFF757211325C900E6FE5B /* DataManager+Saving.m in Sources */,
				DA149816210B034600A4B20D /* AudioHeaderView.m in Sources */,
				DA10074C2109CE7300A33EB8 /* main.m in Sources */,
				DA149819210B035700A4B20D /* EntitiesConstants.m in Sources */,
				DA1007432109CE5E00A33EB8 /* MP3CollectionViewCell.m in Sources */,
				DA6ED602210EF38D008FBCA9 /* DataManager+DownloadManagerDelegate.m in Sources */,
				DA1007422109CE5700A33EB8 /* VSCollectionViewCell.m in Sources */,
				DA1007412109CE5000A33EB8 /* Item.m in Sources */,
				DA6ED608210EF3A6008FBCA9 /* SettingsViewController.m in Sources */,
				DA1007402109CE4B00A33EB8 /* ImageContent.m in Sources */,
				DAFFF74321131F5200E6FE5B /* DownloadManager+NSURLSessionDelegate.m in Sources */,
				DA10073E2109CE3300A33EB8 /* XMLParser.m in Sources */,
				DA10073D2109CE2A00A33EB8 /* MediaContent.m in Sources */,
				DA10073C2109CE2400A33EB8 /* XMLParserService.m in Sources */,
				DA149828210B4DE300A4B20D /* UIImage+Compression.m in Sources */,
				DA1007392109CE1500A33EB8 /* Constants.m in Sources */,
				DA149825210B2AFB00A4B20D /* FileManager.m in Sources */,
				DAFFF7332112FCCC00E6FE5B /* ItemCoreDataService+Fetching.m in Sources */,
				DA1007382109CE1100A33EB8 /* UIColor+CustomColors.m in Sources */,
				DAFFF74E211321BB00E6FE5B /* DataManager+Removing.m in Sources */,
				DA6ED5F6210EF377008FBCA9 /* FeedViewController+DataManager.m in Sources */,
				DA6ED5F7210EF377008FBCA9 /* FeedViewController+SettingsViewControllerDelegate.m in Sources */,
				DA14981F210B06ED00A4B20D /* DownloadManager.m in Sources */,
			);
			runOnlyForDeploymentPostprocessing = 0;
		};
/* End PBXSourcesBuildPhase section */

/* Begin PBXVariantGroup section */
		DA8794142105E3680033F7CD /* LaunchScreen.storyboard */ = {
			isa = PBXVariantGroup;
			children = (
				DA8794152105E3680033F7CD /* Base */,
			);
			name = LaunchScreen.storyboard;
			sourceTree = "<group>";
		};
/* End PBXVariantGroup section */

/* Begin XCBuildConfiguration section */
		DA87941A2105E3680033F7CD /* Debug */ = {
			isa = XCBuildConfiguration;
			buildSettings = {
				ALWAYS_SEARCH_USER_PATHS = NO;
				CLANG_ANALYZER_NONNULL = YES;
				CLANG_ANALYZER_NUMBER_OBJECT_CONVERSION = YES_AGGRESSIVE;
				CLANG_CXX_LANGUAGE_STANDARD = "gnu++14";
				CLANG_CXX_LIBRARY = "libc++";
				CLANG_ENABLE_MODULES = YES;
				CLANG_ENABLE_OBJC_ARC = YES;
				CLANG_ENABLE_OBJC_WEAK = YES;
				CLANG_WARN_BLOCK_CAPTURE_AUTORELEASING = YES;
				CLANG_WARN_BOOL_CONVERSION = YES;
				CLANG_WARN_COMMA = YES;
				CLANG_WARN_CONSTANT_CONVERSION = YES;
				CLANG_WARN_DEPRECATED_OBJC_IMPLEMENTATIONS = YES;
				CLANG_WARN_DIRECT_OBJC_ISA_USAGE = YES_ERROR;
				CLANG_WARN_DOCUMENTATION_COMMENTS = YES;
				CLANG_WARN_EMPTY_BODY = YES;
				CLANG_WARN_ENUM_CONVERSION = YES;
				CLANG_WARN_INFINITE_RECURSION = YES;
				CLANG_WARN_INT_CONVERSION = YES;
				CLANG_WARN_NON_LITERAL_NULL_CONVERSION = YES;
				CLANG_WARN_OBJC_IMPLICIT_RETAIN_SELF = YES;
				CLANG_WARN_OBJC_LITERAL_CONVERSION = YES;
				CLANG_WARN_OBJC_ROOT_CLASS = YES_ERROR;
				CLANG_WARN_RANGE_LOOP_ANALYSIS = YES;
				CLANG_WARN_STRICT_PROTOTYPES = YES;
				CLANG_WARN_SUSPICIOUS_MOVE = YES;
				CLANG_WARN_UNGUARDED_AVAILABILITY = YES_AGGRESSIVE;
				CLANG_WARN_UNREACHABLE_CODE = YES;
				CLANG_WARN__DUPLICATE_METHOD_MATCH = YES;
				CODE_SIGN_IDENTITY = "iPhone Developer";
				COPY_PHASE_STRIP = NO;
				DEBUG_INFORMATION_FORMAT = dwarf;
				ENABLE_STRICT_OBJC_MSGSEND = YES;
				ENABLE_TESTABILITY = YES;
				GCC_C_LANGUAGE_STANDARD = gnu11;
				GCC_DYNAMIC_NO_PIC = NO;
				GCC_NO_COMMON_BLOCKS = YES;
				GCC_OPTIMIZATION_LEVEL = 0;
				GCC_PREPROCESSOR_DEFINITIONS = (
					"DEBUG=1",
					"$(inherited)",
				);
				GCC_WARN_64_TO_32_BIT_CONVERSION = YES;
				GCC_WARN_ABOUT_RETURN_TYPE = YES_ERROR;
				GCC_WARN_UNDECLARED_SELECTOR = YES;
				GCC_WARN_UNINITIALIZED_AUTOS = YES_AGGRESSIVE;
				GCC_WARN_UNUSED_FUNCTION = YES;
				GCC_WARN_UNUSED_VARIABLE = YES;
				IPHONEOS_DEPLOYMENT_TARGET = 11.4;
				MTL_ENABLE_DEBUG_INFO = YES;
				ONLY_ACTIVE_ARCH = YES;
				SDKROOT = iphoneos;
			};
			name = Debug;
		};
		DA87941B2105E3680033F7CD /* Release */ = {
			isa = XCBuildConfiguration;
			buildSettings = {
				ALWAYS_SEARCH_USER_PATHS = NO;
				CLANG_ANALYZER_NONNULL = YES;
				CLANG_ANALYZER_NUMBER_OBJECT_CONVERSION = YES_AGGRESSIVE;
				CLANG_CXX_LANGUAGE_STANDARD = "gnu++14";
				CLANG_CXX_LIBRARY = "libc++";
				CLANG_ENABLE_MODULES = YES;
				CLANG_ENABLE_OBJC_ARC = YES;
				CLANG_ENABLE_OBJC_WEAK = YES;
				CLANG_WARN_BLOCK_CAPTURE_AUTORELEASING = YES;
				CLANG_WARN_BOOL_CONVERSION = YES;
				CLANG_WARN_COMMA = YES;
				CLANG_WARN_CONSTANT_CONVERSION = YES;
				CLANG_WARN_DEPRECATED_OBJC_IMPLEMENTATIONS = YES;
				CLANG_WARN_DIRECT_OBJC_ISA_USAGE = YES_ERROR;
				CLANG_WARN_DOCUMENTATION_COMMENTS = YES;
				CLANG_WARN_EMPTY_BODY = YES;
				CLANG_WARN_ENUM_CONVERSION = YES;
				CLANG_WARN_INFINITE_RECURSION = YES;
				CLANG_WARN_INT_CONVERSION = YES;
				CLANG_WARN_NON_LITERAL_NULL_CONVERSION = YES;
				CLANG_WARN_OBJC_IMPLICIT_RETAIN_SELF = YES;
				CLANG_WARN_OBJC_LITERAL_CONVERSION = YES;
				CLANG_WARN_OBJC_ROOT_CLASS = YES_ERROR;
				CLANG_WARN_RANGE_LOOP_ANALYSIS = YES;
				CLANG_WARN_STRICT_PROTOTYPES = YES;
				CLANG_WARN_SUSPICIOUS_MOVE = YES;
				CLANG_WARN_UNGUARDED_AVAILABILITY = YES_AGGRESSIVE;
				CLANG_WARN_UNREACHABLE_CODE = YES;
				CLANG_WARN__DUPLICATE_METHOD_MATCH = YES;
				CODE_SIGN_IDENTITY = "iPhone Developer";
				COPY_PHASE_STRIP = NO;
				DEBUG_INFORMATION_FORMAT = "dwarf-with-dsym";
				ENABLE_NS_ASSERTIONS = NO;
				ENABLE_STRICT_OBJC_MSGSEND = YES;
				GCC_C_LANGUAGE_STANDARD = gnu11;
				GCC_NO_COMMON_BLOCKS = YES;
				GCC_WARN_64_TO_32_BIT_CONVERSION = YES;
				GCC_WARN_ABOUT_RETURN_TYPE = YES_ERROR;
				GCC_WARN_UNDECLARED_SELECTOR = YES;
				GCC_WARN_UNINITIALIZED_AUTOS = YES_AGGRESSIVE;
				GCC_WARN_UNUSED_FUNCTION = YES;
				GCC_WARN_UNUSED_VARIABLE = YES;
				IPHONEOS_DEPLOYMENT_TARGET = 11.4;
				MTL_ENABLE_DEBUG_INFO = NO;
				SDKROOT = iphoneos;
				VALIDATE_PRODUCT = YES;
			};
			name = Release;
		};
		DA87941D2105E3680033F7CD /* Debug */ = {
			isa = XCBuildConfiguration;
			buildSettings = {
				ASSETCATALOG_COMPILER_APPICON_NAME = AppIcon;
				CODE_SIGN_STYLE = Automatic;
				DEVELOPMENT_TEAM = 5M3HNT6J9D;
				INFOPLIST_FILE = Podcaster/Info.plist;
				LD_RUNPATH_SEARCH_PATHS = (
					"$(inherited)",
					"@executable_path/Frameworks",
				);
				PRODUCT_BUNDLE_IDENTIFIER = com.vicmac.Podcaster;
				PRODUCT_NAME = "$(TARGET_NAME)";
				TARGETED_DEVICE_FAMILY = "1,2";
			};
			name = Debug;
		};
		DA87941E2105E3680033F7CD /* Release */ = {
			isa = XCBuildConfiguration;
			buildSettings = {
				ASSETCATALOG_COMPILER_APPICON_NAME = AppIcon;
				CODE_SIGN_STYLE = Automatic;
				DEVELOPMENT_TEAM = 5M3HNT6J9D;
				INFOPLIST_FILE = Podcaster/Info.plist;
				LD_RUNPATH_SEARCH_PATHS = (
					"$(inherited)",
					"@executable_path/Frameworks",
				);
				PRODUCT_BUNDLE_IDENTIFIER = com.vicmac.Podcaster;
				PRODUCT_NAME = "$(TARGET_NAME)";
				TARGETED_DEVICE_FAMILY = "1,2";
			};
			name = Release;
		};
/* End XCBuildConfiguration section */

/* Begin XCConfigurationList section */
		DA8794012105E3660033F7CD /* Build configuration list for PBXProject "Podcaster" */ = {
			isa = XCConfigurationList;
			buildConfigurations = (
				DA87941A2105E3680033F7CD /* Debug */,
				DA87941B2105E3680033F7CD /* Release */,
			);
			defaultConfigurationIsVisible = 0;
			defaultConfigurationName = Release;
		};
		DA87941C2105E3680033F7CD /* Build configuration list for PBXNativeTarget "Podcaster" */ = {
			isa = XCConfigurationList;
			buildConfigurations = (
				DA87941D2105E3680033F7CD /* Debug */,
				DA87941E2105E3680033F7CD /* Release */,
			);
			defaultConfigurationIsVisible = 0;
			defaultConfigurationName = Release;
		};
/* End XCConfigurationList section */

/* Begin XCVersionGroup section */
		DA1007302109CB9100A33EB8 /* Model.xcdatamodeld */ = {
			isa = XCVersionGroup;
			children = (
				DA1007312109CB9100A33EB8 /* Model.xcdatamodel */,
			);
			currentVersion = DA1007312109CB9100A33EB8 /* Model.xcdatamodel */;
			path = Model.xcdatamodeld;
			sourceTree = "<group>";
			versionGroupType = wrapper.xcdatamodel;
		};
/* End XCVersionGroup section */
	};
	rootObject = DA8793FE2105E3660033F7CD /* Project object */;
}
